
Microsoft Visual Studio Solution File, Format Version 12.00
# Visual Studio Version 17
VisualStudioVersion = 17.0.32112.339
MinimumVisualStudioVersion = 10.0.40219.1
Project("{FAE04EC0-301F-11D3-BF4B-00C04F79EFBC}") = "airHockey", "airHockey\airHockey.csproj", "{8EFF36F3-8D33-4ED4-AECB-91CCC1FEFDBF}"
EndProject
Global
	GlobalSection(SolutionConfigurationPlatforms) = preSolution
		Debug|Any CPU = Debug|Any CPU
		Release|Any CPU = Release|Any CPU
	EndGlobalSection
	GlobalSection(ProjectConfigurationPlatforms) = postSolution
		{8EFF36F3-8D33-4ED4-AECB-91CCC1FEFDBF}.Debug|Any CPU.ActiveCfg = Debug|Any CPU
		{8EFF36F3-8D33-4ED4-AECB-91CCC1FEFDBF}.Debug|Any CPU.Build.0 = Debug|Any CPU
		{8EFF36F3-8D33-4ED4-AECB-91CCC1FEFDBF}.Release|Any CPU.ActiveCfg = Release|Any CPU
		{8EFF36F3-8D33-4ED4-AECB-91CCC1FEFDBF}.Release|Any CPU.Build.0 = Release|Any CPU
	EndGlobalSection
	GlobalSection(SolutionProperties) = preSolution
		HideSolutionNode = FALSE
	EndGlobalSection
	GlobalSection(ExtensibilityGlobals) = postSolution
		SolutionGuid = {CF69F3BC-3EA2-4F7D-B0DD-DD0E758E1D11}
	EndGlobalSection
EndGlobal
